// !$*UTF8*$!
{
	archiveVersion = 1;
	classes = {
	};
	objectVersion = 46;
	objects = {

/* Begin PBXBuildFile section */
		D29622451DFEFD0800AEA051 /* AppDelegate.swift in Sources */ = {isa = PBXBuildFile; fileRef = D29622441DFEFD0800AEA051 /* AppDelegate.swift */; };
		D29622471DFEFD0800AEA051 /* GameScene.sks in Resources */ = {isa = PBXBuildFile; fileRef = D29622461DFEFD0800AEA051 /* GameScene.sks */; };
		D29622491DFEFD0800AEA051 /* Actions.sks in Resources */ = {isa = PBXBuildFile; fileRef = D29622481DFEFD0800AEA051 /* Actions.sks */; };
		D296224B1DFEFD0800AEA051 /* GameScene.swift in Sources */ = {isa = PBXBuildFile; fileRef = D296224A1DFEFD0800AEA051 /* GameScene.swift */; };
		D296224D1DFEFD0800AEA051 /* GameViewController.swift in Sources */ = {isa = PBXBuildFile; fileRef = D296224C1DFEFD0800AEA051 /* GameViewController.swift */; };
		D29622501DFEFD0800AEA051 /* Main.storyboard in Resources */ = {isa = PBXBuildFile; fileRef = D296224E1DFEFD0800AEA051 /* Main.storyboard */; };
		D29622521DFEFD0800AEA051 /* Assets.xcassets in Resources */ = {isa = PBXBuildFile; fileRef = D29622511DFEFD0800AEA051 /* Assets.xcassets */; };
		D29622551DFEFD0800AEA051 /* LaunchScreen.storyboard in Resources */ = {isa = PBXBuildFile; fileRef = D29622531DFEFD0800AEA051 /* LaunchScreen.storyboard */; };
/* End PBXBuildFile section */

/* Begin PBXFileReference section */
		D29622411DFEFD0800AEA051 /* CuteBunnySpriteKit.app */ = {isa = PBXFileReference; explicitFileType = wrapper.application; includeInIndex = 0; path = CuteBunnySpriteKit.app; sourceTree = BUILT_PRODUCTS_DIR; };
		D29622441DFEFD0800AEA051 /* AppDelegate.swift */ = {isa = PBXFileReference; lastKnownFileType = sourcecode.swift; path = AppDelegate.swift; sourceTree = "<group>"; };
		D29622461DFEFD0800AEA051 /* GameScene.sks */ = {isa = PBXFileReference; lastKnownFileType = file.sks; path = GameScene.sks; sourceTree = "<group>"; };
		D29622481DFEFD0800AEA051 /* Actions.sks */ = {isa = PBXFileReference; lastKnownFileType = file.sks; path = Actions.sks; sourceTree = "<group>"; };
		D296224A1DFEFD0800AEA051 /* GameScene.swift */ = {isa = PBXFileReference; lastKnownFileType = sourcecode.swift; path = GameScene.swift; sourceTree = "<group>"; };
		D296224C1DFEFD0800AEA051 /* GameViewController.swift */ = {isa = PBXFileReference; lastKnownFileType = sourcecode.swift; path = GameViewController.swift; sourceTree = "<group>"; };
		D296224F1DFEFD0800AEA051 /* Base */ = {isa = PBXFileReference; lastKnownFileType = file.storyboard; name = Base; path = Base.lproj/Main.storyboard; sourceTree = "<group>"; };
		D29622511DFEFD0800AEA051 /* Assets.xcassets */ = {isa = PBXFileReference; lastKnownFileType = folder.assetcatalog; path = Assets.xcassets; sourceTree = "<group>"; };
		D29622541DFEFD0800AEA051 /* Base */ = {isa = PBXFileReference; lastKnownFileType = file.storyboard; name = Base; path = Base.lproj/LaunchScreen.storyboard; sourceTree = "<group>"; };
		D29622561DFEFD0800AEA051 /* Info.plist */ = {isa = PBXFileReference; lastKnownFileType = text.plist.xml; path = Info.plist; sourceTree = "<group>"; };
/* End PBXFileReference section */

/* Begin PBXFrameworksBuildPhase section */
		D296223E1DFEFD0800AEA051 /* Frameworks */ = {
			isa = PBXFrameworksBuildPhase;
			buildActionMask = 2147483647;
			files = (
			);
			runOnlyForDeploymentPostprocessing = 0;
		};
/* End PBXFrameworksBuildPhase section */

/* Begin PBXGroup section */
		D29622381DFEFD0800AEA051 = {
			isa = PBXGroup;
			children = (
				D29622431DFEFD0800AEA051 /* CuteBunnySpriteKit */,
				D29622421DFEFD0800AEA051 /* Products */,
			);
			sourceTree = "<group>";
		};
		D29622421DFEFD0800AEA051 /* Products */ = {
			isa = PBXGroup;
			children = (
				D29622411DFEFD0800AEA051 /* CuteBunnySpriteKit.app */,
			);
			name = Products;
			sourceTree = "<group>";
		};
		D29622431DFEFD0800AEA051 /* CuteBunnySpriteKit */ = {
			isa = PBXGroup;
			children = (
				D29622441DFEFD0800AEA051 /* AppDelegate.swift */,
				D29622461DFEFD0800AEA051 /* GameScene.sks */,
				D29622481DFEFD0800AEA051 /* Actions.sks */,
				D296224A1DFEFD0800AEA051 /* GameScene.swift */,
				D296224C1DFEFD0800AEA051 /* GameViewController.swift */,
				D296224E1DFEFD0800AEA051 /* Main.storyboard */,
				D29622511DFEFD0800AEA051 /* Assets.xcassets */,
				D29622531DFEFD0800AEA051 /* LaunchScreen.storyboard */,
				D29622561DFEFD0800AEA051 /* Info.plist */,
			);
			path = CuteBunnySpriteKit;
			sourceTree = "<group>";
		};
/* End PBXGroup section */

/* Begin PBXNativeTarget section */
		D29622401DFEFD0800AEA051 /* CuteBunnySpriteKit */ = {
			isa = PBXNativeTarget;
			buildConfigurationList = D29622591DFEFD0800AEA051 /* Build configuration list for PBXNativeTarget "CuteBunnySpriteKit" */;
			buildPhases = (
				D296223D1DFEFD0800AEA051 /* Sources */,
				D296223E1DFEFD0800AEA051 /* Frameworks */,
				D296223F1DFEFD0800AEA051 /* Resources */,
			);
			buildRules = (
			);
			dependencies = (
			);
			name = CuteBunnySpriteKit;
			productName = CuteBunnySpriteKit;
			productReference = D29622411DFEFD0800AEA051 /* CuteBunnySpriteKit.app */;
			productType = "com.apple.product-type.application";
		};
/* End PBXNativeTarget section */

/* Begin PBXProject section */
		D29622391DFEFD0800AEA051 /* Project object */ = {
			isa = PBXProject;
			attributes = {
				LastSwiftUpdateCheck = 0810;
				LastUpgradeCheck = 0810;
				ORGANIZATIONNAME = chiggang;
				TargetAttributes = {
					D29622401DFEFD0800AEA051 = {
						CreatedOnToolsVersion = 8.1;
						DevelopmentTeam = M364Z9Z2GD;
						ProvisioningStyle = Automatic;
					};
				};
			};
			buildConfigurationList = D296223C1DFEFD0800AEA051 /* Build configuration list for PBXProject "CuteBunnySpriteKit" */;
			compatibilityVersion = "Xcode 3.2";
			developmentRegion = English;
			hasScannedForEncodings = 0;
			knownRegions = (
				en,
				Base,
			);
			mainGroup = D29622381DFEFD0800AEA051;
			productRefGroup = D29622421DFEFD0800AEA051 /* Products */;
			projectDirPath = "";
			projectRoot = "";
			targets = (
				D29622401DFEFD0800AEA051 /* CuteBunnySpriteKit */,
			);
		};
/* End PBXProject section */

/* Begin PBXResourcesBuildPhase section */
		D296223F1DFEFD0800AEA051 /* Resources */ = {
			isa = PBXResourcesBuildPhase;
			buildActionMask = 2147483647;
			files = (
				D29622501DFEFD0800AEA051 /* Main.storyboard in Resources */,
				D29622471DFEFD0800AEA051 /* GameScene.sks in Resources */,
				D29622521DFEFD0800AEA051 /* Assets.xcassets in Resources */,
				D29622551DFEFD0800AEA051 /* LaunchScreen.storyboard in Resources */,
				D29622491DFEFD0800AEA051 /* Actions.sks in Resources */,
			);
			runOnlyForDeploymentPostprocessing = 0;
		};
/* End PBXResourcesBuildPhase section */

/* Begin PBXSourcesBuildPhase section */
		D296223D1DFEFD0800AEA051 /* Sources */ = {
			isa = PBXSourcesBuildPhase;
			buildActionMask = 2147483647;
			files = (
				D296224B1DFEFD0800AEA051 /* GameScene.swift in Sources */,
				D296224D1DFEFD0800AEA051 /* GameViewController.swift in Sources */,
				D29622451DFEFD0800AEA051 /* AppDelegate.swift in Sources */,
			);
			runOnlyForDeploymentPostprocessing = 0;
		};
/* End PBXSourcesBuildPhase section */

/* Begin PBXVariantGroup section */
		D296224E1DFEFD0800AEA051 /* Main.storyboard */ = {
			isa = PBXVariantGroup;
			children = (
				D296224F1DFEFD0800AEA051 /* Base */,
			);
			name = Main.storyboard;
			sourceTree = "<group>";
		};
		D29622531DFEFD0800AEA051 /* LaunchScreen.storyboard */ = {
			isa = PBXVariantGroup;
			children = (
				D29622541DFEFD0800AEA051 /* Base */,
			);
			name = LaunchScreen.storyboard;
			sourceTree = "<group>";
		};
/* End PBXVariantGroup section */

/* Begin XCBuildConfiguration section */
		D29622571DFEFD0800AEA051 /* Debug */ = {
			isa = XCBuildConfiguration;
			buildSettings = {
				ALWAYS_SEARCH_USER_PATHS = NO;
				CLANG_ANALYZER_NONNULL = YES;
				CLANG_CXX_LANGUAGE_STANDARD = "gnu++0x";
				CLANG_CXX_LIBRARY = "libc++";
				CLANG_ENABLE_MODULES = YES;
				CLANG_ENABLE_OBJC_ARC = YES;
				CLANG_WARN_BOOL_CONVERSION = YES;
				CLANG_WARN_CONSTANT_CONVERSION = YES;
				CLANG_WARN_DIRECT_OBJC_ISA_USAGE = YES_ERROR;
				CLANG_WARN_DOCUMENTATION_COMMENTS = YES;
				CLANG_WARN_EMPTY_BODY = YES;
				CLANG_WARN_ENUM_CONVERSION = YES;
				CLANG_WARN_INFINITE_RECURSION = YES;
				CLANG_WARN_INT_CONVERSION = YES;
				CLANG_WARN_OBJC_ROOT_CLASS = YES_ERROR;
				CLANG_WARN_SUSPICIOUS_MOVES = YES;
				CLANG_WARN_UNREACHABLE_CODE = YES;
				CLANG_WARN__DUPLICATE_METHOD_MATCH = YES;
				"CODE_SIGN_IDENTITY[sdk=iphoneos*]" = "iPhone Developer";
				COPY_PHASE_STRIP = NO;
				DEBUG_INFORMATION_FORMAT = dwarf;
				ENABLE_STRICT_OBJC_MSGSEND = YES;
				ENABLE_TESTABILITY = YES;
				GCC_C_LANGUAGE_STANDARD = gnu99;
				GCC_DYNAMIC_NO_PIC = NO;
				GCC_NO_COMMON_BLOCKS = YES;
				GCC_OPTIMIZATION_LEVEL = 0;
				GCC_PREPROCESSOR_DEFINITIONS = (
					"DEBUG=1",
					"$(inherited)",
				);
				GCC_WARN_64_TO_32_BIT_CONVERSION = YES;
				GCC_WARN_ABOUT_RETURN_TYPE = YES_ERROR;
				GCC_WARN_UNDECLARED_SELECTOR = YES;
				GCC_WARN_UNINITIALIZED_AUTOS = YES_AGGRESSIVE;
				GCC_WARN_UNUSED_FUNCTION = YES;
				GCC_WARN_UNUSED_VARIABLE = YES;
				IPHONEOS_DEPLOYMENT_TARGET = 10.1;
				MTL_ENABLE_DEBUG_INFO = YES;
				ONLY_ACTIVE_ARCH = YES;
				SDKROOT = iphoneos;
				SWIFT_ACTIVE_COMPILATION_CONDITIONS = DEBUG;
				SWIFT_OPTIMIZATION_LEVEL = "-Onone";
				TARGETED_DEVICE_FAMILY = "1,2";
			};
			name = Debug;
		};
		D29622581DFEFD0800AEA051 /* Release */ = {
			isa = XCBuildConfiguration;
			buildSettings = {
				ALWAYS_SEARCH_USER_PATHS = NO;
				CLANG_ANALYZER_NONNULL = YES;
				CLANG_CXX_LANGUAGE_STANDARD = "gnu++0x";
				CLANG_CXX_LIBRARY = "libc++";
				CLANG_ENABLE_MODULES = YES;
				CLANG_ENABLE_OBJC_ARC = YES;
				CLANG_WARN_BOOL_CONVERSION = YES;
				CLANG_WARN_CONSTANT_CONVERSION = YES;
				CLANG_WARN_DIRECT_OBJC_ISA_USAGE = YES_ERROR;
				CLANG_WARN_DOCUMENTATION_COMMENTS = YES;
				CLANG_WARN_EMPTY_BODY = YES;
				CLANG_WARN_ENUM_CONVERSION = YES;
				CLANG_WARN_INFINITE_RECURSION = YES;
				CLANG_WARN_INT_CONVERSION = YES;
				CLANG_WARN_OBJC_ROOT_CLASS = YES_ERROR;
				CLANG_WARN_SUSPICIOUS_MOVES = YES;
				CLANG_WARN_UNREACHABLE_CODE = YES;
				CLANG_WARN__DUPLICATE_METHOD_MATCH = YES;
				"CODE_SIGN_IDENTITY[sdk=iphoneos*]" = "iPhone Developer";
				COPY_PHASE_STRIP = NO;
				DEBUG_INFORMATION_FORMAT = "dwarf-with-dsym";
				ENABLE_NS_ASSERTIONS = NO;
				ENABLE_STRICT_OBJC_MSGSEND = YES;
				GCC_C_LANGUAGE_STANDARD = gnu99;
				GCC_NO_COMMON_BLOCKS = YES;
				GCC_WARN_64_TO_32_BIT_CONVERSION = YES;
				GCC_WARN_ABOUT_RETURN_TYPE = YES_ERROR;
				GCC_WARN_UNDECLARED_SELECTOR = YES;
				GCC_WARN_UNINITIALIZED_AUTOS = YES_AGGRESSIVE;
				GCC_WARN_UNUSED_FUNCTION = YES;
				GCC_WARN_UNUSED_VARIABLE = YES;
				IPHONEOS_DEPLOYMENT_TARGET = 10.1;
				MTL_ENABLE_DEBUG_INFO = NO;
				SDKROOT = iphoneos;
				SWIFT_OPTIMIZATION_LEVEL = "-Owholemodule";
				TARGETED_DEVICE_FAMILY = "1,2";
				VALIDATE_PRODUCT = YES;
			};
			name = Release;
		};
		D296225A1DFEFD0800AEA051 /* Debug */ = {
			isa = XCBuildConfiguration;
			buildSettings = {
				ASSETCATALOG_COMPILER_APPICON_NAME = AppIcon;
				DEVELOPMENT_TEAM = M364Z9Z2GD;
				INFOPLIST_FILE = CuteBunnySpriteKit/Info.plist;
				LD_RUNPATH_SEARCH_PATHS = "$(inherited) @executable_path/Frameworks";
				PRODUCT_BUNDLE_IDENTIFIER = com.chiggang.iOS.CuteBunnySpriteKit;
				PRODUCT_NAME = "$(TARGET_NAME)";
				SWIFT_VERSION = 3.0;
			};
			name = Debug;
		};
		D296225B1DFEFD0800AEA051 /* Release */ = {
			isa = XCBuildConfiguration;
			buildSettings = {
				ASSETCATALOG_COMPILER_APPICON_NAME = AppIcon;
				DEVELOPMENT_TEAM = M364Z9Z2GD;
				INFOPLIST_FILE = CuteBunnySpriteKit/Info.plist;
				LD_RUNPATH_SEARCH_PATHS = "$(inherited) @executable_path/Frameworks";
				PRODUCT_BUNDLE_IDENTIFIER = com.chiggang.iOS.CuteBunnySpriteKit;
				PRODUCT_NAME = "$(TARGET_NAME)";
				SWIFT_VERSION = 3.0;
			};
			name = Release;
		};
/* End XCBuildConfiguration section */

/* Begin XCConfigurationList section */
		D296223C1DFEFD0800AEA051 /* Build configuration list for PBXProject "CuteBunnySpriteKit" */ = {
			isa = XCConfigurationList;
			buildConfigurations = (
				D29622571DFEFD0800AEA051 /* Debug */,
				D29622581DFEFD0800AEA051 /* Release */,
			);
			defaultConfigurationIsVisible = 0;
			defaultConfigurationName = Release;
		};
		D29622591DFEFD0800AEA051 /* Build configuration list for PBXNativeTarget "CuteBunnySpriteKit" */ = {
			isa = XCConfigurationList;
			buildConfigurations = (
				D296225A1DFEFD0800AEA051 /* Debug */,
				D296225B1DFEFD0800AEA051 /* Release */,
			);
			defaultConfigurationIsVisible = 0;
		};
/* End XCConfigurationList section */
	};
	rootObject = D29622391DFEFD0800AEA051 /* Project object */;
}
